Microsoft Visual Studio Solution File, Format Version 12.00
# Visual Studio 2013
VisualStudioVersion = 12.0.40629.0
MinimumVisualStudioVersion = 10.0.40219.1
Project("{8BC9CEB8-8B4A-11D0-8D11-00A0C91BC942}") = "CinderWMFVideo", "..\CinderWMFVideo\vc2013\CinderWMFVideo.vcxproj", "{F6146F42-E861-4269-B23D-39287C596581}"
	ProjectSection(ProjectDependencies) = postProject
		{92B5BE70-DCAA-40E4-92D8-CC2B95AA28BE} = {92B5BE70-DCAA-40E4-92D8-CC2B95AA28BE}
	EndProjectSection
EndProject
Project("{8BC9CEB8-8B4A-11D0-8D11-00A0C91BC942}") = "QuickTimeBasic", "..\QuickTimeBasic\vc2013\QuickTimeBasic.vcxproj", "{EF2A874F-1168-4815-9E62-5E5867B11A9A}"
	ProjectSection(ProjectDependencies) = postProject
		{92B5BE70-DCAA-40E4-92D8-CC2B95AA28BE} = {92B5BE70-DCAA-40E4-92D8-CC2B95AA28BE}
	EndProjectSection
EndProject
Project("{8BC9CEB8-8B4A-11D0-8D11-00A0C91BC942}") = "QuickTimeIteration", "..\QuickTimeIteration\vc2013\QuickTimeIteration.vcxproj", "{EB039199-F436-4239-9258-399EE1AA14BF}"
	ProjectSection(ProjectDependencies) = postProject
		{92B5BE70-DCAA-40E4-92D8-CC2B95AA28BE} = {92B5BE70-DCAA-40E4-92D8-CC2B95AA28BE}
	EndProjectSection
EndProject
Project("{8BC9CEB8-8B4A-11D0-8D11-00A0C91BC942}") = "QTimeAdvApp", "..\QuickTimeAdvanced\vc2013\QTimeAdvApp.vcxproj", "{C937D670-DDDF-4DB6-ABFD-387E69098F2A}"
	ProjectSection(ProjectDependencies) = postProject
		{92B5BE70-DCAA-40E4-92D8-CC2B95AA28BE} = {92B5BE70-DCAA-40E4-92D8-CC2B95AA28BE}
	EndProjectSection
EndProject
Project("{8BC9CEB8-8B4A-11D0-8D11-00A0C91BC942}") = "cinder", "..\..\vc2013\cinder.vcxproj", "{92B5BE70-DCAA-40E4-92D8-CC2B95AA28BE}"
EndProject
Project("{8BC9CEB8-8B4A-11D0-8D11-00A0C91BC942}") = "WMFVideoSample", "..\..\blocks\WMF\samples\WMFVideoSample\vc2013\WMFVideoSample.vcxproj", "{5C24528A-864A-4736-8370-249E54F9F448}"
EndProject
Global
	GlobalSection(SolutionConfigurationPlatforms) = preSolution
		Debug_ANGLE|Win32 = Debug_ANGLE|Win32
		Debug_ANGLE|x64 = Debug_ANGLE|x64
		Debug|Win32 = Debug|Win32
		Debug|x64 = Debug|x64
		Release_ANGLE|Win32 = Release_ANGLE|Win32
		Release_ANGLE|x64 = Release_ANGLE|x64
		Release|Win32 = Release|Win32
		Release|x64 = Release|x64
	EndGlobalSection
	GlobalSection(ProjectConfigurationPlatforms) = postSolution
		{F6146F42-E861-4269-B23D-39287C596581}.Debug_ANGLE|Win32.ActiveCfg = Debug|Win32
		{F6146F42-E861-4269-B23D-39287C596581}.Debug_ANGLE|Win32.Build.0 = Debug|Win32
		{F6146F42-E861-4269-B23D-39287C596581}.Debug_ANGLE|x64.ActiveCfg = Debug|x64
		{F6146F42-E861-4269-B23D-39287C596581}.Debug_ANGLE|x64.Build.0 = Debug|x64
		{F6146F42-E861-4269-B23D-39287C596581}.Debug|Win32.ActiveCfg = Debug|Win32
		{F6146F42-E861-4269-B23D-39287C596581}.Debug|Win32.Build.0 = Debug|Win32
		{F6146F42-E861-4269-B23D-39287C596581}.Debug|x64.ActiveCfg = Debug|x64
		{F6146F42-E861-4269-B23D-39287C596581}.Debug|x64.Build.0 = Debug|x64
		{F6146F42-E861-4269-B23D-39287C596581}.Release_ANGLE|Win32.ActiveCfg = Release|Win32
		{F6146F42-E861-4269-B23D-39287C596581}.Release_ANGLE|Win32.Build.0 = Release|Win32
		{F6146F42-E861-4269-B23D-39287C596581}.Release_ANGLE|x64.ActiveCfg = Release|x64
		{F6146F42-E861-4269-B23D-39287C596581}.Release_ANGLE|x64.Build.0 = Release|x64
		{F6146F42-E861-4269-B23D-39287C596581}.Release|Win32.ActiveCfg = Release|Win32
		{F6146F42-E861-4269-B23D-39287C596581}.Release|Win32.Build.0 = Release|Win32
		{F6146F42-E861-4269-B23D-39287C596581}.Release|x64.ActiveCfg = Release|x64
		{F6146F42-E861-4269-B23D-39287C596581}.Release|x64.Build.0 = Release|x64
		{EF2A874F-1168-4815-9E62-5E5867B11A9A}.Debug_ANGLE|Win32.ActiveCfg = Debug|Win32
		{EF2A874F-1168-4815-9E62-5E5867B11A9A}.Debug_ANGLE|Win32.Build.0 = Debug|Win32
		{EF2A874F-1168-4815-9E62-5E5867B11A9A}.Debug_ANGLE|x64.ActiveCfg = Debug|Win32
		{EF2A874F-1168-4815-9E62-5E5867B11A9A}.Debug|Win32.ActiveCfg = Debug|Win32
		{EF2A874F-1168-4815-9E62-5E5867B11A9A}.Debug|Win32.Build.0 = Debug|Win32
		{EF2A874F-1168-4815-9E62-5E5867B11A9A}.Debug|x64.ActiveCfg = Debug|Win32
		{EF2A874F-1168-4815-9E62-5E5867B11A9A}.Release_ANGLE|Win32.ActiveCfg = Release|Win32
		{EF2A874F-1168-4815-9E62-5E5867B11A9A}.Release_ANGLE|Win32.Build.0 = Release|Win32
		{EF2A874F-1168-4815-9E62-5E5867B11A9A}.Release_ANGLE|x64.ActiveCfg = Release|Win32
		{EF2A874F-1168-4815-9E62-5E5867B11A9A}.Release|Win32.ActiveCfg = Release|Win32
		{EF2A874F-1168-4815-9E62-5E5867B11A9A}.Release|Win32.Build.0 = Release|Win32
		{EF2A874F-1168-4815-9E62-5E5867B11A9A}.Release|x64.ActiveCfg = Release|Win32
		{EB039199-F436-4239-9258-399EE1AA14BF}.Debug_ANGLE|Win32.ActiveCfg = Debug|Win32
		{EB039199-F436-4239-9258-399EE1AA14BF}.Debug_ANGLE|Win32.Build.0 = Debug|Win32
		{EB039199-F436-4239-9258-399EE1AA14BF}.Debug_ANGLE|x64.ActiveCfg = Debug|Win32
		{EB039199-F436-4239-9258-399EE1AA14BF}.Debug|Win32.ActiveCfg = Debug|Win32
		{EB039199-F436-4239-9258-399EE1AA14BF}.Debug|Win32.Build.0 = Debug|Win32
		{EB039199-F436-4239-9258-399EE1AA14BF}.Debug|x64.ActiveCfg = Debug|Win32
		{EB039199-F436-4239-9258-399EE1AA14BF}.Release_ANGLE|Win32.ActiveCfg = Release|Win32
		{EB039199-F436-4239-9258-399EE1AA14BF}.Release_ANGLE|Win32.Build.0 = Release|Win32
		{EB039199-F436-4239-9258-399EE1AA14BF}.Release_ANGLE|x64.ActiveCfg = Release|Win32
		{EB039199-F436-4239-9258-399EE1AA14BF}.Release|Win32.ActiveCfg = Release|Win32
		{EB039199-F436-4239-9258-399EE1AA14BF}.Release|Win32.Build.0 = Release|Win32
		{EB039199-F436-4239-9258-399EE1AA14BF}.Release|x64.ActiveCfg = Release|Win32
		{C937D670-DDDF-4DB6-ABFD-387E69098F2A}.Debug_ANGLE|Win32.ActiveCfg = Debug|Win32
		{C937D670-DDDF-4DB6-ABFD-387E69098F2A}.Debug_ANGLE|Win32.Build.0 = Debug|Win32
		{C937D670-DDDF-4DB6-ABFD-387E69098F2A}.Debug_ANGLE|x64.ActiveCfg = Debug|Win32
		{C937D670-DDDF-4DB6-ABFD-387E69098F2A}.Debug|Win32.ActiveCfg = Debug|Win32
		{C937D670-DDDF-4DB6-ABFD-387E69098F2A}.Debug|Win32.Build.0 = Debug|Win32
		{C937D670-DDDF-4DB6-ABFD-387E69098F2A}.Debug|x64.ActiveCfg = Debug|Win32
		{C937D670-DDDF-4DB6-ABFD-387E69098F2A}.Release_ANGLE|Win32.ActiveCfg = Release|Win32
		{C937D670-DDDF-4DB6-ABFD-387E69098F2A}.Release_ANGLE|Win32.Build.0 = Release|Win32
		{C937D670-DDDF-4DB6-ABFD-387E69098F2A}.Release_ANGLE|x64.ActiveCfg = Release|Win32
		{C937D670-DDDF-4DB6-ABFD-387E69098F2A}.Release|Win32.ActiveCfg = Release|Win32
		{C937D670-DDDF-4DB6-ABFD-387E69098F2A}.Release|Win32.Build.0 = Release|Win32
		{C937D670-DDDF-4DB6-ABFD-387E69098F2A}.Release|x64.ActiveCfg = Release|Win32
		{92B5BE70-DCAA-40E4-92D8-CC2B95AA28BE}.Debug_ANGLE|Win32.ActiveCfg = Debug_ANGLE|Win32
		{92B5BE70-DCAA-40E4-92D8-CC2B95AA28BE}.Debug_ANGLE|Win32.Build.0 = Debug_ANGLE|Win32
		{92B5BE70-DCAA-40E4-92D8-CC2B95AA28BE}.Debug_ANGLE|x64.ActiveCfg = Debug_ANGLE|x64
		{92B5BE70-DCAA-40E4-92D8-CC2B95AA28BE}.Debug_ANGLE|x64.Build.0 = Debug_ANGLE|x64
		{92B5BE70-DCAA-40E4-92D8-CC2B95AA28BE}.Debug|Win32.ActiveCfg = Debug|Win32
		{92B5BE70-DCAA-40E4-92D8-CC2B95AA28BE}.Debug|Win32.Build.0 = Debug|Win32
		{92B5BE70-DCAA-40E4-92D8-CC2B95AA28BE}.Debug|x64.ActiveCfg = Debug|x64
		{92B5BE70-DCAA-40E4-92D8-CC2B95AA28BE}.Debug|x64.Build.0 = Debug|x64
		{92B5BE70-DCAA-40E4-92D8-CC2B95AA28BE}.Release_ANGLE|Win32.ActiveCfg = Release_ANGLE|Win32
		{92B5BE70-DCAA-40E4-92D8-CC2B95AA28BE}.Release_ANGLE|Win32.Build.0 = Release_ANGLE|Win32
		{92B5BE70-DCAA-40E4-92D8-CC2B95AA28BE}.Release_ANGLE|x64.ActiveCfg = Release_ANGLE|x64
		{92B5BE70-DCAA-40E4-92D8-CC2B95AA28BE}.Release_ANGLE|x64.Build.0 = Release_ANGLE|x64
		{92B5BE70-DCAA-40E4-92D8-CC2B95AA28BE}.Release|Win32.ActiveCfg = Release|Win32
		{92B5BE70-DCAA-40E4-92D8-CC2B95AA28BE}.Release|Win32.Build.0 = Release|Win32
		{92B5BE70-DCAA-40E4-92D8-CC2B95AA28BE}.Release|x64.ActiveCfg = Release|x64
		{92B5BE70-DCAA-40E4-92D8-CC2B95AA28BE}.Release|x64.Build.0 = Release|x64
		{5C24528A-864A-4736-8370-249E54F9F448}.Debug_ANGLE|Win32.ActiveCfg = Debug|Win32
		{5C24528A-864A-4736-8370-249E54F9F448}.Debug_ANGLE|Win32.Build.0 = Debug|Win32
		{5C24528A-864A-4736-8370-249E54F9F448}.Debug_ANGLE|x64.ActiveCfg = Debug|x64
		{5C24528A-864A-4736-8370-249E54F9F448}.Debug_ANGLE|x64.Build.0 = Debug|x64
		{5C24528A-864A-4736-8370-249E54F9F448}.Debug|Win32.ActiveCfg = Debug|Win32
		{5C24528A-864A-4736-8370-249E54F9F448}.Debug|Win32.Build.0 = Debug|Win32
		{5C24528A-864A-4736-8370-249E54F9F448}.Debug|x64.ActiveCfg = Debug|x64
		{5C24528A-864A-4736-8370-249E54F9F448}.Debug|x64.Build.0 = Debug|x64
		{5C24528A-864A-4736-8370-249E54F9F448}.Release_ANGLE|Win32.ActiveCfg = Release|Win32
		{5C24528A-864A-4736-8370-249E54F9F448}.Release_ANGLE|Win32.Build.0 = Release|Win32
		{5C24528A-864A-4736-8370-249E54F9F448}.Release_ANGLE|x64.ActiveCfg = Release|x64
		{5C24528A-864A-4736-8370-249E54F9F448}.Release_ANGLE|x64.Build.0 = Release|x64
		{5C24528A-864A-4736-8370-249E54F9F448}.Release|Win32.ActiveCfg = Release|Win32
		{5C24528A-864A-4736-8370-249E54F9F448}.Release|Win32.Build.0 = Release|Win32
		{5C24528A-864A-4736-8370-249E54F9F448}.Release|x64.ActiveCfg = Release|x64
		{5C24528A-864A-4736-8370-249E54F9F448}.Release|x64.Build.0 = Release|x64
	EndGlobalSection
	GlobalSection(SolutionProperties) = preSolution
		HideSolutionNode = FALSE
	EndGlobalSection
EndGlobal
